
Microsoft Visual Studio Solution File, Format Version 12.00
# Visual Studio Version 17
VisualStudioVersion = 17.4.33110.190
MinimumVisualStudioVersion = 10.0.40219.1
Project("{FAE04EC0-301F-11D3-BF4B-00C04F79EFBC}") = "CircularQueues", "CircularQueues\CircularQueues.csproj", "{C57EB519-DD99-4EB3-8D1A-500DB25EEAAB}"
EndProject
Global
	GlobalSection(SolutionConfigurationPlatforms) = preSolution
		Debug|Any CPU = Debug|Any CPU
		Release|Any CPU = Release|Any CPU
	EndGlobalSection
	GlobalSection(ProjectConfigurationPlatforms) = postSolution
		{C57EB519-DD99-4EB3-8D1A-500DB25EEAAB}.Debug|Any CPU.ActiveCfg = Debug|Any CPU
		{C57EB519-DD99-4EB3-8D1A-500DB25EEAAB}.Debug|Any CPU.Build.0 = Debug|Any CPU
		{C57EB519-DD99-4EB3-8D1A-500DB25EEAAB}.Release|Any CPU.ActiveCfg = Release|Any CPU
		{C57EB519-DD99-4EB3-8D1A-500DB25EEAAB}.Release|Any CPU.Build.0 = Release|Any CPU
	EndGlobalSection
	GlobalSection(SolutionProperties) = preSolution
		HideSolutionNode = FALSE
	EndGlobalSection
	GlobalSection(ExtensibilityGlobals) = postSolution
		SolutionGuid = {BF804C85-1BB0-4BEE-9BC8-BE9A73168290}
	EndGlobalSection
EndGlobal
